
Microsoft Visual Studio Solution File, Format Version 12.00
# Visual Studio Version 16
VisualStudioVersion = 16.0.30128.74
MinimumVisualStudioVersion = 10.0.40219.1
Project("{FAE04EC0-301F-11D3-BF4B-00C04F79EFBC}") = "Lab1", "Lab1\Lab1.csproj", "{C1DAB564-6556-4F83-B494-B4C7C3E0A7B3}"
EndProject
Global
	GlobalSection(SolutionConfigurationPlatforms) = preSolution
		Debug|Any CPU = Debug|Any CPU
		Release|Any CPU = Release|Any CPU
	EndGlobalSection
	GlobalSection(ProjectConfigurationPlatforms) = postSolution
		{C1DAB564-6556-4F83-B494-B4C7C3E0A7B3}.Debug|Any CPU.ActiveCfg = Debug|Any CPU
		{C1DAB564-6556-4F83-B494-B4C7C3E0A7B3}.Debug|Any CPU.Build.0 = Debug|Any CPU
		{C1DAB564-6556-4F83-B494-B4C7C3E0A7B3}.Release|Any CPU.ActiveCfg = Release|Any CPU
		{C1DAB564-6556-4F83-B494-B4C7C3E0A7B3}.Release|Any CPU.Build.0 = Release|Any CPU
	EndGlobalSection
	GlobalSection(SolutionProperties) = preSolution
		HideSolutionNode = FALSE
	EndGlobalSection
	GlobalSection(ExtensibilityGlobals) = postSolution
		SolutionGuid = {317C0E5C-CDF0-4CE7-B5EF-83BF609BEFA3}
	EndGlobalSection
EndGlobal
